
Microsoft Visual Studio Solution File, Format Version 12.00
# Visual Studio Version 17
VisualStudioVersion = 17.9.34728.123
MinimumVisualStudioVersion = 10.0.40219.1
Project("{9A19103F-16F7-4668-BE54-9A1E7A4F7556}") = "NDiscoPlus.Shared", "NDiscoPlus.Shared\NDiscoPlus.Shared.csproj", "{035E15AE-7951-4FAE-818A-21CD7B640462}"
EndProject
Project("{2150E333-8FDC-42A3-9474-1A3956D46DE8}") = "Solution Items", "Solution Items", "{44E09DA9-88FC-4DB0-813F-B346F5DDF942}"
	ProjectSection(SolutionItems) = preProject
		.editorconfig = .editorconfig
	EndProjectSection
EndProject
Project("{FAE04EC0-301F-11D3-BF4B-00C04F79EFBC}") = "NDiscoPlus", "NDiscoPlus\NDiscoPlus.csproj", "{26DF56E8-7C53-4E73-B318-E811D917E2D3}"
EndProject
Global
	GlobalSection(SolutionConfigurationPlatforms) = preSolution
		Debug|Any CPU = Debug|Any CPU
		Release|Any CPU = Release|Any CPU
	EndGlobalSection
	GlobalSection(ProjectConfigurationPlatforms) = postSolution
		{035E15AE-7951-4FAE-818A-21CD7B640462}.Debug|Any CPU.ActiveCfg = Debug|Any CPU
		{035E15AE-7951-4FAE-818A-21CD7B640462}.Debug|Any CPU.Build.0 = Debug|Any CPU
		{035E15AE-7951-4FAE-818A-21CD7B640462}.Release|Any CPU.ActiveCfg = Release|Any CPU
		{035E15AE-7951-4FAE-818A-21CD7B640462}.Release|Any CPU.Build.0 = Release|Any CPU
		{26DF56E8-7C53-4E73-B318-E811D917E2D3}.Debug|Any CPU.ActiveCfg = Debug|Any CPU
		{26DF56E8-7C53-4E73-B318-E811D917E2D3}.Debug|Any CPU.Build.0 = Debug|Any CPU
		{26DF56E8-7C53-4E73-B318-E811D917E2D3}.Release|Any CPU.ActiveCfg = Release|Any CPU
		{26DF56E8-7C53-4E73-B318-E811D917E2D3}.Release|Any CPU.Build.0 = Release|Any CPU
	EndGlobalSection
	GlobalSection(SolutionProperties) = preSolution
		HideSolutionNode = FALSE
	EndGlobalSection
	GlobalSection(ExtensibilityGlobals) = postSolution
		SolutionGuid = {6C76FCE5-8543-4C18-B674-A283BB0C7AE3}
	EndGlobalSection
EndGlobal
